
Microsoft Visual Studio Solution File, Format Version 12.00
# Visual Studio Version 17
VisualStudioVersion = 17.11.35312.102
MinimumVisualStudioVersion = 10.0.40219.1
Project("{2150E333-8FDC-42A3-9474-1A3956D46DE8}") = "Solution Items", "Solution Items", "{25F29BAB-ABFB-4CD6-ABB3-221358EB403B}"
	ProjectSection(SolutionItems) = preProject
		.editorconfig = .editorconfig
		..\..\.github\workflows\build-test-publish.yml = ..\..\.github\workflows\build-test-publish.yml
		..\..\.github\copilot-instructions.md = ..\..\.github\copilot-instructions.md
		Directory.Build.props = Directory.Build.props
	EndProjectSection
EndProject
Project("{2150E333-8FDC-42A3-9474-1A3956D46DE8}") = "Core Library", "Core Library", "{1C9936ED-5DEB-4D0B-BF9C-FEE5F389E30B}"
EndProject
Project("{2150E333-8FDC-42A3-9474-1A3956D46DE8}") = "Blazor Component Library", "Blazor Component Library", "{4BF3AA74-4E96-4242-B71A-B64B6D12C483}"
EndProject
Project("{9A19103F-16F7-4668-BE54-9A1E7A4F7556}") = "AutomatedRealms.DataImportUtility.Components", "AutomatedRealms.DataImportUtility.Components\AutomatedRealms.DataImportUtility.Components.csproj", "{19EFC1D5-0369-40FD-86ED-257BCEE018F3}"
EndProject
Project("{2150E333-8FDC-42A3-9474-1A3956D46DE8}") = "Tests", "Tests", "{2C5F6B56-0871-488A-8878-5399EB453995}"
EndProject
Project("{9A19103F-16F7-4668-BE54-9A1E7A4F7556}") = "AutomatedRealms.DataImportUtility.Tests", "AutomatedRealms.DataImportUtility.Tests\AutomatedRealms.DataImportUtility.Tests.csproj", "{9A7BE597-786A-420D-A8E2-97C760B80365}"
EndProject
Project("{FAE04EC0-301F-11D3-BF4B-00C04F79EFBC}") = "AutomatedRealms.DataImportUtility.Abstractions", "AutomatedRealms.DataImportUtility.Abstractions\AutomatedRealms.DataImportUtility.Abstractions.csproj", "{1B66A05A-8E9A-4CF5-8F87-6B2ED30125DA}"
EndProject
Project("{FAE04EC0-301F-11D3-BF4B-00C04F79EFBC}") = "AutomatedRealms.DataImportUtility.Core", "AutomatedRealms.DataImportUtility.Core\AutomatedRealms.DataImportUtility.Core.csproj", "{D3802CB9-CD53-48E5-8D24-F3B7F8D8B036}"
EndProject
Project("{2150E333-8FDC-42A3-9474-1A3956D46DE8}") = "Additional Libraries", "Additional Libraries", "{02EA681E-C7D8-13C7-8484-4AC65E1B71E8}"
EndProject
Project("{FAE04EC0-301F-11D3-BF4B-00C04F79EFBC}") = "AutomatedRealms.DataImportUtility.DataReader", "AutomatedRealms.DataImportUtility.DataReader\AutomatedRealms.DataImportUtility.DataReader.csproj", "{F40C9685-B22F-909B-FC16-40A2C981920B}"
EndProject
Project("{2150E333-8FDC-42A3-9474-1A3956D46DE8}") = "Docs", "Docs", "{53E2C711-909C-41AA-8B55-6EF7421CA78B}"
	ProjectSection(SolutionItems) = preProject
		..\..\Docs\AnalysisPhaseResults.md = ..\..\Docs\AnalysisPhaseResults.md
		..\..\Docs\CustomTypeImplementationRegistration.md = ..\..\Docs\CustomTypeImplementationRegistration.md
		..\..\Docs\DesignDecisions.md = ..\..\Docs\DesignDecisions.md
		..\..\Docs\ImplementationPlan.md = ..\..\Docs\ImplementationPlan.md
		..\..\Docs\ProjectStructure.md = ..\..\Docs\ProjectStructure.md
		..\..\Docs\ToDoList_Refactoring.md = ..\..\Docs\ToDoList_Refactoring.md
	EndProjectSection
EndProject
Project("{2150E333-8FDC-42A3-9474-1A3956D46DE8}") = "ORIGINAL_DO_NOT_MODIFY", "ORIGINAL_DO_NOT_MODIFY", "{738E8D13-09A2-4512-9BE6-49B450395460}"
EndProject
Project("{FAE04EC0-301F-11D3-BF4B-00C04F79EFBC}") = "DataImportUtility.SourceGenerator", "..\DO_NOT_MODIFY_OriginalImplementation\DataImportUtility.SourceGenerator\DataImportUtility.SourceGenerator.csproj", "{73925A69-D453-9802-43F9-F660A2093376}"
EndProject
Project("{FAE04EC0-301F-11D3-BF4B-00C04F79EFBC}") = "DataImportUtility", "..\DO_NOT_MODIFY_OriginalImplementation\DataImportUtility\DataImportUtility.csproj", "{1D7DF4A2-C707-3869-EF2F-3F903B601738}"
EndProject
Project("{FAE04EC0-301F-11D3-BF4B-00C04F79EFBC}") = "DataImportUtility.Tests", "..\DO_NOT_MODIFY_OriginalImplementation\DataImportUtility.Tests\DataImportUtility.Tests.csproj", "{56CE2658-D85C-C510-D180-EDD8D64C4E2D}"
EndProject
Project("{FAE04EC0-301F-11D3-BF4B-00C04F79EFBC}") = "DataImportUtility.Components", "..\DO_NOT_MODIFY_OriginalImplementation\DataImportUtility.Components\DataImportUtility.Components.csproj", "{7A92044A-99FE-F501-EC6B-E52E19AD67FD}"
EndProject
Global
	GlobalSection(SolutionConfigurationPlatforms) = preSolution
		Debug|Any CPU = Debug|Any CPU
		Debug|x64 = Debug|x64
		Debug|x86 = Debug|x86
		Release|Any CPU = Release|Any CPU
		Release|x64 = Release|x64
		Release|x86 = Release|x86
	EndGlobalSection
	GlobalSection(ProjectConfigurationPlatforms) = postSolution
		{19EFC1D5-0369-40FD-86ED-257BCEE018F3}.Debug|Any CPU.ActiveCfg = Debug|Any CPU
		{19EFC1D5-0369-40FD-86ED-257BCEE018F3}.Debug|Any CPU.Build.0 = Debug|Any CPU
		{19EFC1D5-0369-40FD-86ED-257BCEE018F3}.Debug|x64.ActiveCfg = Debug|Any CPU
		{19EFC1D5-0369-40FD-86ED-257BCEE018F3}.Debug|x64.Build.0 = Debug|Any CPU
		{19EFC1D5-0369-40FD-86ED-257BCEE018F3}.Debug|x86.ActiveCfg = Debug|Any CPU
		{19EFC1D5-0369-40FD-86ED-257BCEE018F3}.Debug|x86.Build.0 = Debug|Any CPU
		{19EFC1D5-0369-40FD-86ED-257BCEE018F3}.Release|Any CPU.ActiveCfg = Release|Any CPU
		{19EFC1D5-0369-40FD-86ED-257BCEE018F3}.Release|Any CPU.Build.0 = Release|Any CPU
		{19EFC1D5-0369-40FD-86ED-257BCEE018F3}.Release|x64.ActiveCfg = Release|Any CPU
		{19EFC1D5-0369-40FD-86ED-257BCEE018F3}.Release|x64.Build.0 = Release|Any CPU
		{19EFC1D5-0369-40FD-86ED-257BCEE018F3}.Release|x86.ActiveCfg = Release|Any CPU
		{19EFC1D5-0369-40FD-86ED-257BCEE018F3}.Release|x86.Build.0 = Release|Any CPU
		{9A7BE597-786A-420D-A8E2-97C760B80365}.Debug|Any CPU.ActiveCfg = Debug|Any CPU
		{9A7BE597-786A-420D-A8E2-97C760B80365}.Debug|Any CPU.Build.0 = Debug|Any CPU
		{9A7BE597-786A-420D-A8E2-97C760B80365}.Debug|x64.ActiveCfg = Debug|Any CPU
		{9A7BE597-786A-420D-A8E2-97C760B80365}.Debug|x64.Build.0 = Debug|Any CPU
		{9A7BE597-786A-420D-A8E2-97C760B80365}.Debug|x86.ActiveCfg = Debug|Any CPU
		{9A7BE597-786A-420D-A8E2-97C760B80365}.Debug|x86.Build.0 = Debug|Any CPU
		{9A7BE597-786A-420D-A8E2-97C760B80365}.Release|Any CPU.ActiveCfg = Release|Any CPU
		{9A7BE597-786A-420D-A8E2-97C760B80365}.Release|Any CPU.Build.0 = Release|Any CPU
		{9A7BE597-786A-420D-A8E2-97C760B80365}.Release|x64.ActiveCfg = Release|Any CPU
		{9A7BE597-786A-420D-A8E2-97C760B80365}.Release|x64.Build.0 = Release|Any CPU
		{9A7BE597-786A-420D-A8E2-97C760B80365}.Release|x86.ActiveCfg = Release|Any CPU
		{9A7BE597-786A-420D-A8E2-97C760B80365}.Release|x86.Build.0 = Release|Any CPU
		{1B66A05A-8E9A-4CF5-8F87-6B2ED30125DA}.Debug|Any CPU.ActiveCfg = Debug|Any CPU
		{1B66A05A-8E9A-4CF5-8F87-6B2ED30125DA}.Debug|Any CPU.Build.0 = Debug|Any CPU
		{1B66A05A-8E9A-4CF5-8F87-6B2ED30125DA}.Debug|x64.ActiveCfg = Debug|Any CPU
		{1B66A05A-8E9A-4CF5-8F87-6B2ED30125DA}.Debug|x64.Build.0 = Debug|Any CPU
		{1B66A05A-8E9A-4CF5-8F87-6B2ED30125DA}.Debug|x86.ActiveCfg = Debug|Any CPU
		{1B66A05A-8E9A-4CF5-8F87-6B2ED30125DA}.Debug|x86.Build.0 = Debug|Any CPU
		{1B66A05A-8E9A-4CF5-8F87-6B2ED30125DA}.Release|Any CPU.ActiveCfg = Release|Any CPU
		{1B66A05A-8E9A-4CF5-8F87-6B2ED30125DA}.Release|Any CPU.Build.0 = Release|Any CPU
		{1B66A05A-8E9A-4CF5-8F87-6B2ED30125DA}.Release|x64.ActiveCfg = Release|Any CPU
		{1B66A05A-8E9A-4CF5-8F87-6B2ED30125DA}.Release|x64.Build.0 = Release|Any CPU
		{1B66A05A-8E9A-4CF5-8F87-6B2ED30125DA}.Release|x86.ActiveCfg = Release|Any CPU
		{1B66A05A-8E9A-4CF5-8F87-6B2ED30125DA}.Release|x86.Build.0 = Release|Any CPU
		{D3802CB9-CD53-48E5-8D24-F3B7F8D8B036}.Debug|Any CPU.ActiveCfg = Debug|Any CPU
		{D3802CB9-CD53-48E5-8D24-F3B7F8D8B036}.Debug|Any CPU.Build.0 = Debug|Any CPU
		{D3802CB9-CD53-48E5-8D24-F3B7F8D8B036}.Debug|x64.ActiveCfg = Debug|Any CPU
		{D3802CB9-CD53-48E5-8D24-F3B7F8D8B036}.Debug|x64.Build.0 = Debug|Any CPU
		{D3802CB9-CD53-48E5-8D24-F3B7F8D8B036}.Debug|x86.ActiveCfg = Debug|Any CPU
		{D3802CB9-CD53-48E5-8D24-F3B7F8D8B036}.Debug|x86.Build.0 = Debug|Any CPU
		{D3802CB9-CD53-48E5-8D24-F3B7F8D8B036}.Release|Any CPU.ActiveCfg = Release|Any CPU
		{D3802CB9-CD53-48E5-8D24-F3B7F8D8B036}.Release|Any CPU.Build.0 = Release|Any CPU
		{D3802CB9-CD53-48E5-8D24-F3B7F8D8B036}.Release|x64.ActiveCfg = Release|Any CPU
		{D3802CB9-CD53-48E5-8D24-F3B7F8D8B036}.Release|x64.Build.0 = Release|Any CPU
		{D3802CB9-CD53-48E5-8D24-F3B7F8D8B036}.Release|x86.ActiveCfg = Release|Any CPU
		{D3802CB9-CD53-48E5-8D24-F3B7F8D8B036}.Release|x86.Build.0 = Release|Any CPU
		{F40C9685-B22F-909B-FC16-40A2C981920B}.Debug|Any CPU.ActiveCfg = Debug|Any CPU
		{F40C9685-B22F-909B-FC16-40A2C981920B}.Debug|Any CPU.Build.0 = Debug|Any CPU
		{F40C9685-B22F-909B-FC16-40A2C981920B}.Debug|x64.ActiveCfg = Debug|Any CPU
		{F40C9685-B22F-909B-FC16-40A2C981920B}.Debug|x64.Build.0 = Debug|Any CPU
		{F40C9685-B22F-909B-FC16-40A2C981920B}.Debug|x86.ActiveCfg = Debug|Any CPU
		{F40C9685-B22F-909B-FC16-40A2C981920B}.Debug|x86.Build.0 = Debug|Any CPU
		{F40C9685-B22F-909B-FC16-40A2C981920B}.Release|Any CPU.ActiveCfg = Release|Any CPU
		{F40C9685-B22F-909B-FC16-40A2C981920B}.Release|Any CPU.Build.0 = Release|Any CPU
		{F40C9685-B22F-909B-FC16-40A2C981920B}.Release|x64.ActiveCfg = Release|Any CPU
		{F40C9685-B22F-909B-FC16-40A2C981920B}.Release|x64.Build.0 = Release|Any CPU
		{F40C9685-B22F-909B-FC16-40A2C981920B}.Release|x86.ActiveCfg = Release|Any CPU
		{F40C9685-B22F-909B-FC16-40A2C981920B}.Release|x86.Build.0 = Release|Any CPU
		{73925A69-D453-9802-43F9-F660A2093376}.Debug|Any CPU.ActiveCfg = Debug|Any CPU
		{73925A69-D453-9802-43F9-F660A2093376}.Debug|Any CPU.Build.0 = Debug|Any CPU
		{73925A69-D453-9802-43F9-F660A2093376}.Debug|x64.ActiveCfg = Debug|Any CPU
		{73925A69-D453-9802-43F9-F660A2093376}.Debug|x64.Build.0 = Debug|Any CPU
		{73925A69-D453-9802-43F9-F660A2093376}.Debug|x86.ActiveCfg = Debug|Any CPU
		{73925A69-D453-9802-43F9-F660A2093376}.Debug|x86.Build.0 = Debug|Any CPU
		{73925A69-D453-9802-43F9-F660A2093376}.Release|Any CPU.ActiveCfg = Release|Any CPU
		{73925A69-D453-9802-43F9-F660A2093376}.Release|Any CPU.Build.0 = Release|Any CPU
		{73925A69-D453-9802-43F9-F660A2093376}.Release|x64.ActiveCfg = Release|Any CPU
		{73925A69-D453-9802-43F9-F660A2093376}.Release|x64.Build.0 = Release|Any CPU
		{73925A69-D453-9802-43F9-F660A2093376}.Release|x86.ActiveCfg = Release|Any CPU
		{73925A69-D453-9802-43F9-F660A2093376}.Release|x86.Build.0 = Release|Any CPU
		{1D7DF4A2-C707-3869-EF2F-3F903B601738}.Debug|Any CPU.ActiveCfg = Debug|Any CPU
		{1D7DF4A2-C707-3869-EF2F-3F903B601738}.Debug|Any CPU.Build.0 = Debug|Any CPU
		{1D7DF4A2-C707-3869-EF2F-3F903B601738}.Debug|x64.ActiveCfg = Debug|Any CPU
		{1D7DF4A2-C707-3869-EF2F-3F903B601738}.Debug|x64.Build.0 = Debug|Any CPU
		{1D7DF4A2-C707-3869-EF2F-3F903B601738}.Debug|x86.ActiveCfg = Debug|Any CPU
		{1D7DF4A2-C707-3869-EF2F-3F903B601738}.Debug|x86.Build.0 = Debug|Any CPU
		{1D7DF4A2-C707-3869-EF2F-3F903B601738}.Release|Any CPU.ActiveCfg = Release|Any CPU
		{1D7DF4A2-C707-3869-EF2F-3F903B601738}.Release|Any CPU.Build.0 = Release|Any CPU
		{1D7DF4A2-C707-3869-EF2F-3F903B601738}.Release|x64.ActiveCfg = Release|Any CPU
		{1D7DF4A2-C707-3869-EF2F-3F903B601738}.Release|x64.Build.0 = Release|Any CPU
		{1D7DF4A2-C707-3869-EF2F-3F903B601738}.Release|x86.ActiveCfg = Release|Any CPU
		{1D7DF4A2-C707-3869-EF2F-3F903B601738}.Release|x86.Build.0 = Release|Any CPU
		{56CE2658-D85C-C510-D180-EDD8D64C4E2D}.Debug|Any CPU.ActiveCfg = Debug|Any CPU
		{56CE2658-D85C-C510-D180-EDD8D64C4E2D}.Debug|Any CPU.Build.0 = Debug|Any CPU
		{56CE2658-D85C-C510-D180-EDD8D64C4E2D}.Debug|x64.ActiveCfg = Debug|Any CPU
		{56CE2658-D85C-C510-D180-EDD8D64C4E2D}.Debug|x64.Build.0 = Debug|Any CPU
		{56CE2658-D85C-C510-D180-EDD8D64C4E2D}.Debug|x86.ActiveCfg = Debug|Any CPU
		{56CE2658-D85C-C510-D180-EDD8D64C4E2D}.Debug|x86.Build.0 = Debug|Any CPU
		{56CE2658-D85C-C510-D180-EDD8D64C4E2D}.Release|Any CPU.ActiveCfg = Release|Any CPU
		{56CE2658-D85C-C510-D180-EDD8D64C4E2D}.Release|Any CPU.Build.0 = Release|Any CPU
		{56CE2658-D85C-C510-D180-EDD8D64C4E2D}.Release|x64.ActiveCfg = Release|Any CPU
		{56CE2658-D85C-C510-D180-EDD8D64C4E2D}.Release|x64.Build.0 = Release|Any CPU
		{56CE2658-D85C-C510-D180-EDD8D64C4E2D}.Release|x86.ActiveCfg = Release|Any CPU
		{56CE2658-D85C-C510-D180-EDD8D64C4E2D}.Release|x86.Build.0 = Release|Any CPU
		{7A92044A-99FE-F501-EC6B-E52E19AD67FD}.Debug|Any CPU.ActiveCfg = Debug|Any CPU
		{7A92044A-99FE-F501-EC6B-E52E19AD67FD}.Debug|Any CPU.Build.0 = Debug|Any CPU
		{7A92044A-99FE-F501-EC6B-E52E19AD67FD}.Debug|x64.ActiveCfg = Debug|Any CPU
		{7A92044A-99FE-F501-EC6B-E52E19AD67FD}.Debug|x64.Build.0 = Debug|Any CPU
		{7A92044A-99FE-F501-EC6B-E52E19AD67FD}.Debug|x86.ActiveCfg = Debug|Any CPU
		{7A92044A-99FE-F501-EC6B-E52E19AD67FD}.Debug|x86.Build.0 = Debug|Any CPU
		{7A92044A-99FE-F501-EC6B-E52E19AD67FD}.Release|Any CPU.ActiveCfg = Release|Any CPU
		{7A92044A-99FE-F501-EC6B-E52E19AD67FD}.Release|Any CPU.Build.0 = Release|Any CPU
		{7A92044A-99FE-F501-EC6B-E52E19AD67FD}.Release|x64.ActiveCfg = Release|Any CPU
		{7A92044A-99FE-F501-EC6B-E52E19AD67FD}.Release|x64.Build.0 = Release|Any CPU
		{7A92044A-99FE-F501-EC6B-E52E19AD67FD}.Release|x86.ActiveCfg = Release|Any CPU
		{7A92044A-99FE-F501-EC6B-E52E19AD67FD}.Release|x86.Build.0 = Release|Any CPU
	EndGlobalSection
	GlobalSection(SolutionProperties) = preSolution
		HideSolutionNode = FALSE
	EndGlobalSection
	GlobalSection(NestedProjects) = preSolution
		{19EFC1D5-0369-40FD-86ED-257BCEE018F3} = {4BF3AA74-4E96-4242-B71A-B64B6D12C483}
		{9A7BE597-786A-420D-A8E2-97C760B80365} = {2C5F6B56-0871-488A-8878-5399EB453995}
		{1B66A05A-8E9A-4CF5-8F87-6B2ED30125DA} = {1C9936ED-5DEB-4D0B-BF9C-FEE5F389E30B}
		{D3802CB9-CD53-48E5-8D24-F3B7F8D8B036} = {1C9936ED-5DEB-4D0B-BF9C-FEE5F389E30B}
		{F40C9685-B22F-909B-FC16-40A2C981920B} = {02EA681E-C7D8-13C7-8484-4AC65E1B71E8}
		{53E2C711-909C-41AA-8B55-6EF7421CA78B} = {25F29BAB-ABFB-4CD6-ABB3-221358EB403B}
		{73925A69-D453-9802-43F9-F660A2093376} = {738E8D13-09A2-4512-9BE6-49B450395460}
		{1D7DF4A2-C707-3869-EF2F-3F903B601738} = {738E8D13-09A2-4512-9BE6-49B450395460}
		{56CE2658-D85C-C510-D180-EDD8D64C4E2D} = {738E8D13-09A2-4512-9BE6-49B450395460}
		{7A92044A-99FE-F501-EC6B-E52E19AD67FD} = {738E8D13-09A2-4512-9BE6-49B450395460}
	EndGlobalSection
	GlobalSection(ExtensibilityGlobals) = postSolution
		SolutionGuid = {9CE3595B-7FDB-43D8-87CA-F9283C01C2E0}
	EndGlobalSection
EndGlobal
