
Microsoft Visual Studio Solution File, Format Version 12.00
# Visual Studio Version 17
VisualStudioVersion = 17.12.35527.113
MinimumVisualStudioVersion = 10.0.40219.1
Project("{FAE04EC0-301F-11D3-BF4B-00C04F79EFBC}") = "DataImportUtility", "DataImportUtility\DataImportUtility.csproj", "{A658218E-58EB-4C0C-889A-C2780A5BE91E}"
EndProject
Project("{2150E333-8FDC-42A3-9474-1A3956D46DE8}") = "Tests", "Tests", "{CB69D22F-B503-455C-B407-7292A5A333D1}"
EndProject
Project("{FAE04EC0-301F-11D3-BF4B-00C04F79EFBC}") = "DataImportUtility.Tests", "DataImportUtility.Tests\DataImportUtility.Tests.csproj", "{DB51D3CF-7384-4F40-B2D9-E07243E40CE7}"
EndProject
Project("{FAE04EC0-301F-11D3-BF4B-00C04F79EFBC}") = "DataImportUtility.SourceGenerator", "DataImportUtility.SourceGenerator\DataImportUtility.SourceGenerator.csproj", "{DD4031B3-6118-4687-9060-52AEDEC2E825}"
EndProject
Project("{FAE04EC0-301F-11D3-BF4B-00C04F79EFBC}") = "DataImportUtility.Components", "DataImportUtility.Components\DataImportUtility.Components.csproj", "{FC9D5A63-AF8F-43F8-8FD6-8F1E317E76BC}"
EndProject
Project("{2150E333-8FDC-42A3-9474-1A3956D46DE8}") = "Solution Items", "Solution Items", "{4571F3AE-BD82-4FDB-B2F6-BA68892AFE32}"
	ProjectSection(SolutionItems) = preProject
		Directory.Build.props = Directory.Build.props
	EndProjectSection
EndProject
Global
	GlobalSection(SolutionConfigurationPlatforms) = preSolution
		Debug|Any CPU = Debug|Any CPU
		Release|Any CPU = Release|Any CPU
	EndGlobalSection
	GlobalSection(ProjectConfigurationPlatforms) = postSolution
		{A658218E-58EB-4C0C-889A-C2780A5BE91E}.Debug|Any CPU.ActiveCfg = Debug|Any CPU
		{A658218E-58EB-4C0C-889A-C2780A5BE91E}.Debug|Any CPU.Build.0 = Debug|Any CPU
		{A658218E-58EB-4C0C-889A-C2780A5BE91E}.Release|Any CPU.ActiveCfg = Release|Any CPU
		{A658218E-58EB-4C0C-889A-C2780A5BE91E}.Release|Any CPU.Build.0 = Release|Any CPU
		{DB51D3CF-7384-4F40-B2D9-E07243E40CE7}.Debug|Any CPU.ActiveCfg = Debug|Any CPU
		{DB51D3CF-7384-4F40-B2D9-E07243E40CE7}.Debug|Any CPU.Build.0 = Debug|Any CPU
		{DB51D3CF-7384-4F40-B2D9-E07243E40CE7}.Release|Any CPU.ActiveCfg = Release|Any CPU
		{DB51D3CF-7384-4F40-B2D9-E07243E40CE7}.Release|Any CPU.Build.0 = Release|Any CPU
		{DD4031B3-6118-4687-9060-52AEDEC2E825}.Debug|Any CPU.ActiveCfg = Debug|Any CPU
		{DD4031B3-6118-4687-9060-52AEDEC2E825}.Debug|Any CPU.Build.0 = Debug|Any CPU
		{DD4031B3-6118-4687-9060-52AEDEC2E825}.Release|Any CPU.ActiveCfg = Release|Any CPU
		{DD4031B3-6118-4687-9060-52AEDEC2E825}.Release|Any CPU.Build.0 = Release|Any CPU
		{FC9D5A63-AF8F-43F8-8FD6-8F1E317E76BC}.Debug|Any CPU.ActiveCfg = Debug|Any CPU
		{FC9D5A63-AF8F-43F8-8FD6-8F1E317E76BC}.Debug|Any CPU.Build.0 = Debug|Any CPU
		{FC9D5A63-AF8F-43F8-8FD6-8F1E317E76BC}.Release|Any CPU.ActiveCfg = Release|Any CPU
		{FC9D5A63-AF8F-43F8-8FD6-8F1E317E76BC}.Release|Any CPU.Build.0 = Release|Any CPU
	EndGlobalSection
	GlobalSection(SolutionProperties) = preSolution
		HideSolutionNode = FALSE
	EndGlobalSection
	GlobalSection(NestedProjects) = preSolution
		{DB51D3CF-7384-4F40-B2D9-E07243E40CE7} = {CB69D22F-B503-455C-B407-7292A5A333D1}
	EndGlobalSection
EndGlobal
