
Microsoft Visual Studio Solution File, Format Version 12.00
# Visual Studio Version 17
VisualStudioVersion = 17.12.35527.113
MinimumVisualStudioVersion = 10.0.40219.1
Project("{FAE04EC0-301F-11D3-BF4B-00C04F79EFBC}") = "SampleApp", "SampleApp\SampleApp.csproj", "{9429C237-2A35-43C1-8862-CF75E1977228}"
EndProject
Project("{2150E333-8FDC-42A3-9474-1A3956D46DE8}") = "Data Import Library", "Data Import Library", "{A1D95C9B-51B2-4117-B6F7-3CBC5520B870}"
EndProject
Project("{FAE04EC0-301F-11D3-BF4B-00C04F79EFBC}") = "DataImportUtility.SourceGenerator", "..\DataImportUtility\DataImportUtility.SourceGenerator\DataImportUtility.SourceGenerator.csproj", "{3EA197F9-9CF0-4A91-81DA-966313B5C1E2}"
EndProject
Project("{FAE04EC0-301F-11D3-BF4B-00C04F79EFBC}") = "DataImportUtility", "..\DataImportUtility\DataImportUtility\DataImportUtility.csproj", "{AFC96801-A173-478A-9655-BBAFAF1222C4}"
EndProject
Project("{FAE04EC0-301F-11D3-BF4B-00C04F79EFBC}") = "DataImportUtility.Components", "..\DataImportUtility\DataImportUtility.Components\DataImportUtility.Components.csproj", "{CD53ED0A-F28A-4D6B-8893-B1CB4EE02156}"
EndProject
Project("{2150E333-8FDC-42A3-9474-1A3956D46DE8}") = "Solution Items", "Solution Items", "{655D3B14-25E7-4819-A640-271C276014B7}"
	ProjectSection(SolutionItems) = preProject
		..\..\.github\workflows\gh-pages.yml = ..\..\.github\workflows\gh-pages.yml
	EndProjectSection
EndProject
Global
	GlobalSection(SolutionConfigurationPlatforms) = preSolution
		Debug|Any CPU = Debug|Any CPU
		Release|Any CPU = Release|Any CPU
	EndGlobalSection
	GlobalSection(ProjectConfigurationPlatforms) = postSolution
		{9429C237-2A35-43C1-8862-CF75E1977228}.Debug|Any CPU.ActiveCfg = Debug|Any CPU
		{9429C237-2A35-43C1-8862-CF75E1977228}.Debug|Any CPU.Build.0 = Debug|Any CPU
		{9429C237-2A35-43C1-8862-CF75E1977228}.Release|Any CPU.ActiveCfg = Release|Any CPU
		{9429C237-2A35-43C1-8862-CF75E1977228}.Release|Any CPU.Build.0 = Release|Any CPU
		{3EA197F9-9CF0-4A91-81DA-966313B5C1E2}.Debug|Any CPU.ActiveCfg = Debug|Any CPU
		{3EA197F9-9CF0-4A91-81DA-966313B5C1E2}.Debug|Any CPU.Build.0 = Debug|Any CPU
		{3EA197F9-9CF0-4A91-81DA-966313B5C1E2}.Release|Any CPU.ActiveCfg = Release|Any CPU
		{3EA197F9-9CF0-4A91-81DA-966313B5C1E2}.Release|Any CPU.Build.0 = Release|Any CPU
		{AFC96801-A173-478A-9655-BBAFAF1222C4}.Debug|Any CPU.ActiveCfg = Debug|Any CPU
		{AFC96801-A173-478A-9655-BBAFAF1222C4}.Debug|Any CPU.Build.0 = Debug|Any CPU
		{AFC96801-A173-478A-9655-BBAFAF1222C4}.Release|Any CPU.ActiveCfg = Release|Any CPU
		{AFC96801-A173-478A-9655-BBAFAF1222C4}.Release|Any CPU.Build.0 = Release|Any CPU
		{CD53ED0A-F28A-4D6B-8893-B1CB4EE02156}.Debug|Any CPU.ActiveCfg = Debug|Any CPU
		{CD53ED0A-F28A-4D6B-8893-B1CB4EE02156}.Debug|Any CPU.Build.0 = Debug|Any CPU
		{CD53ED0A-F28A-4D6B-8893-B1CB4EE02156}.Release|Any CPU.ActiveCfg = Release|Any CPU
		{CD53ED0A-F28A-4D6B-8893-B1CB4EE02156}.Release|Any CPU.Build.0 = Release|Any CPU
	EndGlobalSection
	GlobalSection(SolutionProperties) = preSolution
		HideSolutionNode = FALSE
	EndGlobalSection
	GlobalSection(NestedProjects) = preSolution
		{3EA197F9-9CF0-4A91-81DA-966313B5C1E2} = {A1D95C9B-51B2-4117-B6F7-3CBC5520B870}
		{AFC96801-A173-478A-9655-BBAFAF1222C4} = {A1D95C9B-51B2-4117-B6F7-3CBC5520B870}
		{CD53ED0A-F28A-4D6B-8893-B1CB4EE02156} = {A1D95C9B-51B2-4117-B6F7-3CBC5520B870}
	EndGlobalSection
EndGlobal
